github.com/DATA-DOG/go-sqlmock v1.5.2 h1:OcvFkGmslmlZibjAjaHm3L//6LiuBgolP7OputlJIzU=
github.com/DATA-DOG/go-sqlmock v1.5.2/go.mod h1:88MAG/4G7SMwSE3CeA0ZKzrT5CiOU3OJ+JlNzwDqpNU=
github.com/alecthomas/assert/v2 v2.10.0 h1:jjRCHsj6hBJhkmhznrCzoNpbA3zqy0fYiUcYZP/GkPY=
github.com/alecthomas/assert/v2 v2.10.0/go.mod h1:Bze95FyfUr7x34QZrjL+XP+0qgp/zg8yS+TtBj1WA3k=
github.com/alecthomas/repr v0.4.0 h1:GhI2A8MACjfegCPVq9f1FLvIBS+DrQ2KQBFZP1iFzXc=
github.com/alecthomas/repr v0.4.0/go.mod h1:Fr0507jx4eOXV7AlPV6AVZLYrLIuIeSOWtW57eE/O/4=
github.com/andybalholm/brotli v1.1.1 h1:PR2pgnyFznKEugtsUo0xLdDop5SKXd5Qf5ysW+7XdTA=
github.com/andybalholm/brotli v1.1.1/go.mod h1:05ib4cKhjx3OQYUY22hTVd34Bc8upXjOLL2rKwwZBoA=
github.com/aws/aws-sdk-go-v2 v1.41.4 h1:10f50G7WyU02T56ox1wWXq+zTX9I1zxG46HYuG1hH/k=
github.com/aws/aws-sdk-go-v2 v1.41.4/go.mod h1:mwsPRE8ceUUpiTgF7QmQIJ7lgsKUPQOUl3o72QBrE1o=
github.com/aws/aws-sdk-go-v2/aws/protocol/eventstream v1.7.7 h1:3kGOqnh1pPeddVa/E37XNTaWJ8W6vrbYV9lJEkCnhuY=
github.com/aws/aws-sdk-go-v2/aws/protocol/eventstream v1.7.7/go.mod h1:lyw7GFp3qENLh7kwzf7iMzAxDn+NzjXEAGjKS2UOKqI=
github.com/aws/aws-sdk-go-v2/config v1.32.12 h1:O3csC7HUGn2895eNrLytOJQdoL2xyJy0iYXhoZ1OmP0=
github.com/aws/aws-sdk-go-v2/config v1.32.12/go.mod h1:96zTvoOFR4FURjI+/5wY1vc1ABceROO4lWgWJuxgy0g=
github.com/aws/aws-sdk-go-v2/credentials v1.19.12 h1:oqtA6v+y5fZg//tcTWahyN9PEn5eDU/Wpvc2+kJ4aY8=
github.com/aws/aws-sdk-go-v2/credentials v1.19.12/go.mod h1:U3R1RtSHx6NB0DvEQFGyf/0sbrpJrluENHdPy1j/3TE=
github.com/aws/aws-sdk-go-v2/feature/ec2/imds v1.18.20 h1:zOgq3uezl5nznfoK3ODuqbhVg1JzAGDUhXOsU0IDCAo=
github.com/aws/aws-sdk-go-v2/feature/ec2/imds v1.18.20/go.mod h1:z/MVwUARehy6GAg/yQ1GO2IMl0k++cu1ohP9zo887wE=
github.com/aws/aws-sdk-go-v2/internal/configsources v1.4.20 h1:CNXO7mvgThFGqOFgbNAP2nol2qAWBOGfqR/7tQlvLmc=
github.com/aws/aws-sdk-go-v2/internal/configsources v1.4.20/go.mod h1:oydPDJKcfMhgfcgBUZaG+toBbwy8yPWubJXBVERtI4o=
github.com/aws/aws-sdk-go-v2/internal/endpoints/v2 v2.7.20 h1:tN6W/hg+pkM+tf9XDkWUbDEjGLb+raoBMFsTodcoYKw=
github.com/aws/aws-sdk-go-v2/internal/endpoints/v2 v2.7.20/go.mod h1:YJ898MhD067hSHA6xYCx5ts/jEd8BSOLtQDL3iZsvbc=
github.com/aws/aws-sdk-go-v2/internal/ini v1.8.6 h1:qYQ4pzQ2Oz6WpQ8T3HvGHnZydA72MnLuFK9tJwmrbHw=
github.com/aws/aws-sdk-go-v2/internal/ini v1.8.6/go.mod h1:O3h0IK87yXci+kg6flUKzJnWeziQUKciKrLjcatSNcY=
github.com/aws/aws-sdk-go-v2/internal/v4a v1.4.21 h1:SwGMTMLIlvDNyhMteQ6r8IJSBPlRdXX5d4idhIGbkXA=
github.com/aws/aws-sdk-go-v2/internal/v4a v1.4.21/go.mod h1:UUxgWxofmOdAMuqEsSppbDtGKLfR04HGsD0HXzvhI1k=
github.com/aws/aws-sdk-go-v2/service/internal/accept-encoding v1.13.7 h1:5EniKhLZe4xzL7a+fU3C2tfUN4nWIqlLesfrjkuPFTY=
github.com/aws/aws-sdk-go-v2/service/internal/accept-encoding v1.13.7/go.mod h1:x0nZssQ3qZSnIcePWLvcoFisRXJzcTVvYpAAdYX8+GI=
github.com/aws/aws-sdk-go-v2/service/internal/checksum v1.9.12 h1:qtJZ70afD3ISKWnoX3xB0J2otEqu3LqicRcDBqsj0hQ=
github.com/aws/aws-sdk-go-v2/service/internal/checksum v1.9.12/go.mod h1:v2pNpJbRNl4vEUWEh5ytQok0zACAKfdmKS51Hotc3pQ=
github.com/aws/aws-sdk-go-v2/service/internal/presigned-url v1.13.20 h1:2HvVAIq+YqgGotK6EkMf+KIEqTISmTYh5zLpYyeTo1Y=
github.com/aws/aws-sdk-go-v2/service/internal/presigned-url v1.13.20/go.mod h1:V4X406Y666khGa8ghKmphma/7C0DAtEQYhkq9z4vpbk=
github.com/aws/aws-sdk-go-v2/service/internal/s3shared v1.19.20 h1:siU1A6xjUZ2N8zjTHSXFhB9L/2OY8Dqs0xXiLjF30jA=
github.com/aws/aws-sdk-go-v2/service/internal/s3shared v1.19.20/go.mod h1:4TLZCmVJDM3FOu5P5TJP0zOlu9zWgDWU7aUxWbr+rcw=
github.com/aws/aws-sdk-go-v2/service/s3 v1.97.1 h1:csi9NLpFZXb9fxY7rS1xVzgPRGMt7MSNWeQ6eo247kE=
github.com/aws/aws-sdk-go-v2/service/s3 v1.97.1/go.mod h1:qXVal5H0ChqXP63t6jze5LmFalc7+ZE7wOdLtZ0LCP0=
github.com/aws/aws-sdk-go-v2/service/signin v1.0.8 h1:0GFOLzEbOyZABS3PhYfBIx2rNBACYcKty+XGkTgw1ow=
github.com/aws/aws-sdk-go-v2/service/signin v1.0.8/go.mod h1:LXypKvk85AROkKhOG6/YEcHFPoX+prKTowKnVdcaIxE=
github.com/aws/aws-sdk-go-v2/service/sso v1.30.13 h1:kiIDLZ005EcKomYYITtfsjn7dtOwHDOFy7IbPXKek2o=
github.com/aws/aws-sdk-go-v2/service/sso v1.30.13/go.mod h1:2h/xGEowcW/g38g06g3KpRWDlT+OTfxxI0o1KqayAB8=
github.com/aws/aws-sdk-go-v2/service/ssooidc v1.35.17 h1:jzKAXIlhZhJbnYwHbvUQZEB8KfgAEuG0dc08Bkda7NU=
github.com/aws/aws-sdk-go-v2/service/ssooidc v1.35.17/go.mod h1:Al9fFsXjv4KfbzQHGe6V4NZSZQXecFcvaIF4e70FoRA=
github.com/aws/aws-sdk-go-v2/service/sts v1.41.9 h1:Cng+OOwCHmFljXIxpEVXAGMnBia8MSU6Ch5i9PgBkcU=
github.com/aws/aws-sdk-go-v2/service/sts v1.41.9/go.mod h1:LrlIndBDdjA/EeXeyNBle+gyCwTlizzW5ycgWnvIxkk=
github.com/aws/smithy-go v1.24.2 h1:FzA3bu/nt/vDvmnkg+R8Xl46gmzEDam6mZ1hzmwXFng=
github.com/aws/smithy-go v1.24.2/go.mod h1:YE2RhdIuDbA5E5bTdciG9KrW3+TiEONeUWCqxX9i1Fc=
github.com/chromedp/cdproto v0.0.0-20250724212937-08a3db8b4327 h1:UQ4AU+BGti3Sy/aLU8KVseYKNALcX9UXY6DfpwQ6J8E=
github.com/chromedp/cdproto v0.0.0-20250724212937-08a3db8b4327/go.mod h1:NItd7aLkcfOA/dcMXvl8p1u+lQqioRMq/SqDp71Pb/k=
github.com/chromedp/chromedp v0.14.2 h1:r3b/WtwM50RsBZHMUm9fsNhhzRStTHrKdr2zmwbZSzM=
github.com/chromedp/chromedp v0.14.2/go.mod h1:rHzAv60xDE7VNy/MYtTUrYreSc0ujt2O1/C3bzctYBo=
github.com/chromedp/sysutil v1.1.0 h1:PUFNv5EcprjqXZD9nJb9b/c9ibAbxiYo4exNWZyipwM=
github.com/chromedp/sysutil v1.1.0/go.mod h1:WiThHUdltqCNKGc4gaU50XgYjwjYIhKWoHGPTUfWTJ8=
github.com/cpuguy83/go-md2man/v2 v2.0.6/go.mod h1:oOW0eioCTA6cOiMLiUPZOpcVxMig6NIQQ7OS05n1F4g=
github.com/go-json-experiment/json v0.0.0-20250725192818-e39067aee2d2 h1:iizUGZ9pEquQS5jTGkh4AqeeHCMbfbjeb0zMt0aEFzs=
github.com/go-json-experiment/json v0.0.0-20250725192818-e39067aee2d2/go.mod h1:TiCD2a1pcmjd7YnhGH0f/zKNcCD06B029pHhzV23c2M=
github.com/gobwas/httphead v0.1.0 h1:exrUm0f4YX0L7EBwZHuCF4GDp8aJfVeBrlLQrs6NqWU=
github.com/gobwas/httphead v0.1.0/go.mod h1:O/RXo79gxV8G+RqlR/otEwx4Q36zl9rqC5u12GKvMCM=
github.com/gobwas/pool v0.2.1 h1:xfeeEhW7pwmX8nuLVlqbzVc7udMDrwetjEv+TZIz1og=
github.com/gobwas/pool v0.2.1/go.mod h1:q8bcK0KcYlCgd9e7WYLm9LpyS+YeLd8JVDW6WezmKEw=
github.com/gobwas/ws v1.4.0 h1:CTaoG1tojrh4ucGPcoJFiAQUAsEWekEWvLy7GsVNqGs=
github.com/gobwas/ws v1.4.0/go.mod h1:G3gNqMNtPppf5XUz7O4shetPpcZ1VJ7zt18dlUeakrc=
github.com/google/go-cmp v0.5.5 h1:Khx7svrCpmxxtHBq5j2mp/xVjsi8hQMfNLvJFAlrGgU=
github.com/google/go-cmp v0.5.5/go.mod h1:v8dTdLbMG2kIc/vJvl+f65V22dbkXbowE6jgT/gNBxE=
github.com/google/uuid v1.6.0 h1:NIvaJDMOsjHA8n1jAhLSgzrAzy1Hgr+hNrb57e+94F0=
github.com/google/uuid v1.6.0/go.mod h1:TIyPZe4MgqvfeYDBFedMoGGpEw/LqOeaOT+nhxU+yHo=
github.com/hexops/gotextdiff v1.0.3 h1:gitA9+qJrrTCsiCl7+kh75nPqQt1cx4ZkudSTLoUqJM=
github.com/hexops/gotextdiff v1.0.3/go.mod h1:pSWU5MAI3yDq+fZBTazCSJysOMbxWL1BSow5/V2vxeg=
github.com/inconshreveable/mousetrap v1.1.0 h1:wN+x4NVGpMsO7ErUn/mUI3vEoE6Jt13X2s0bqwp9tc8=
github.com/inconshreveable/mousetrap v1.1.0/go.mod h1:vpF70FUmC8bwa3OWnCshd2FqLfsEA9PFc4w1p2J65bw=
github.com/klauspost/compress v1.17.9 h1:6KIumPrER1LHsvBVuDa0r5xaG0Es51mhhB9BQB2qeMA=
github.com/klauspost/compress v1.17.9/go.mod h1:Di0epgTjJY877eYKx5yC51cX2A2Vl2ibi7bDH9ttBbw=
github.com/ledongthuc/pdf v0.0.0-20220302134840-0c2507a12d80 h1:6Yzfa6GP0rIo/kULo2bwGEkFvCePZ3qHDDTC3/J9Swo=
github.com/ledongthuc/pdf v0.0.0-20220302134840-0c2507a12d80/go.mod h1:imJHygn/1yfhB7XSJJKlFZKl/J+dCPAknuiaGOshXAs=
github.com/orisano/pixelmatch v0.0.0-20220722002657-fb0b55479cde h1:x0TT0RDC7UhAVbbWWBzr41ElhJx5tXPWkIHA2HWPRuw=
github.com/orisano/pixelmatch v0.0.0-20220722002657-fb0b55479cde/go.mod h1:nZgzbfBr3hhjoZnS66nKrHmduYNpc34ny7RK4z5/HM0=
github.com/parquet-go/bitpack v1.0.0 h1:AUqzlKzPPXf2bCdjfj4sTeacrUwsT7NlcYDMUQxPcQA=
github.com/parquet-go/bitpack v1.0.0/go.mod h1:XnVk9TH+O40eOOmvpAVZ7K2ocQFrQwysLMnc6M/8lgs=
github.com/parquet-go/jsonlite v1.0.0 h1:87QNdi56wOfsE5bdgas0vRzHPxfJgzrXGml1zZdd7VU=
github.com/parquet-go/jsonlite v1.0.0/go.mod h1:nDjpkpL4EOtqs6NQugUsi0Rleq9sW/OtC1NnZEnxzF0=
github.com/parquet-go/parquet-go v0.28.0 h1:ECyksyv8T2pOrlLsN7aWJIoQakyk/HtxQ2lchgS4els=
github.com/parquet-go/parquet-go v0.28.0/go.mod h1:navtkAYr2LGoJVp141oXPlO/sxLvaOe3la2JEoD8+rg=
github.com/pierrec/lz4/v4 v4.1.21 h1:yOVMLb6qSIDP67pl/5F7RepeKYu/VmTyEXvuMI5d9mQ=
github.com/pierrec/lz4/v4 v4.1.21/go.mod h1:gZWDp/Ze/IJXGXf23ltt2EXimqmTUXEy0GFuRQyBid4=
github.com/refraction-networking/utls v1.8.2 h1:j4Q1gJj0xngdeH+Ox/qND11aEfhpgoEvV+S9iJ2IdQo=
github.com/refraction-networking/utls v1.8.2/go.mod h1:jkSOEkLqn+S/jtpEHPOsVv/4V4EVnelwbMQl4vCWXAM=
github.com/russross/blackfriday/v2 v2.1.0/go.mod h1:+Rmxgy9KzJVeS9/2gXHxylqXiyQDYRxCVz55jmeOWTM=
github.com/spf13/cobra v1.10.2 h1:DMTTonx5m65Ic0GOoRY2c16WCbHxOOw6xxezuLaBpcU=
github.com/spf13/cobra v1.10.2/go.mod h1:7C1pvHqHw5A4vrJfjNwvOdzYu0Gml16OCs2GRiTUUS4=
github.com/spf13/pflag v1.0.9 h1:9exaQaMOCwffKiiiYk6/BndUBv+iRViNW+4lEMi0PvY=
github.com/spf13/pflag v1.0.9/go.mod h1:McXfInJRrz4CZXVZOBLb0bTZqETkiAhM9Iw0y3An2Bg=
github.com/twpayne/go-geom v1.6.1 h1:iLE+Opv0Ihm/ABIcvQFGIiFBXd76oBIar9drAwHFhR4=
github.com/twpayne/go-geom v1.6.1/go.mod h1:Kr+Nly6BswFsKM5sd31YaoWS5PeDDH2NftJTK7Gd028=
github.com/xyproto/randomstring v1.0.5 h1:YtlWPoRdgMu3NZtP45drfy1GKoojuR7hmRcnhZqKjWU=
github.com/xyproto/randomstring v1.0.5/go.mod h1:rgmS5DeNXLivK7YprL0pY+lTuhNQW3iGxZ18UQApw/E=
go.yaml.in/yaml/v3 v3.0.4/go.mod h1:DhzuOOF2ATzADvBadXxruRBLzYTpT36CKvDb3+aBEFg=
golang.org/x/crypto v0.48.0 h1:/VRzVqiRSggnhY7gNRxPauEQ5Drw9haKdM0jqfcCFts=
golang.org/x/crypto v0.48.0/go.mod h1:r0kV5h3qnFPlQnBSrULhlsRfryS2pmewsg+XfMgkVos=
golang.org/x/net v0.51.0 h1:94R/GTO7mt3/4wIKpcR5gkGmRLOuE/2hNGeWq/GBIFo=
golang.org/x/net v0.51.0/go.mod h1:aamm+2QF5ogm02fjy5Bb7CQ0WMt1/WVM7FtyaTLlA9Y=
golang.org/x/sys v0.6.0/go.mod h1:oPkhp1MJrh7nUepCBck5+mAzfO9JrbApNNgaTdGDITg=
golang.org/x/sys v0.41.0 h1:Ivj+2Cp/ylzLiEU89QhWblYnOE9zerudt9Ftecq2C6k=
golang.org/x/sys v0.41.0/go.mod h1:OgkHotnGiDImocRcuBABYBEXf8A9a87e/uXjp9XT3ks=
golang.org/x/text v0.34.0 h1:oL/Qq0Kdaqxa1KbNeMKwQq0reLCCaFtqu2eNuSeNHbk=
golang.org/x/text v0.34.0/go.mod h1:homfLqTYRFyVYemLBFl5GgL/DWEiH5wcsQ5gSh1yziA=
golang.org/x/xerrors v0.0.0-20191204190536-9bdfabe68543 h1:E7g+9GITq07hpfrRu66IVDexMakfv52eLZ2CXBWiKr4=
golang.org/x/xerrors v0.0.0-20191204190536-9bdfabe68543/go.mod h1:I/5z698sn9Ka8TeJc9MKroUUfqBBauWjQqLJ2OPfmY0=
google.golang.org/protobuf v1.34.2 h1:6xV6lTsCfpGD21XK49h7MhtcApnLqkfYgPcdHftf6hg=
google.golang.org/protobuf v1.34.2/go.mod h1:qYOHts0dSfpeUzUFpOMr/WGzszTmLH+DiWniOlNbLDw=
gopkg.in/check.v1 v0.0.0-20161208181325-20d25e280405/go.mod h1:Co6ibVJAznAaIkqp8huTwlJQCZ016jof/cbN4VW5Yz0=
